
Microsoft Visual Studio Solution File, Format Version 12.00
# Visual Studio Version 17
VisualStudioVersion = 17.12.35707.178
MinimumVisualStudioVersion = 10.0.40219.1
Project("{FAE04EC0-301F-11D3-BF4B-00C04F79EFBC}") = "01_Processes", "01_Processes\01_Processes.csproj", "{D3DC3619-99BA-4668-84DF-DB88669A4A74}"
EndProject
Project("{FAE04EC0-301F-11D3-BF4B-00C04F79EFBC}") = "02_TaskManager", "02_TaskManager\02_TaskManager.csproj", "{E98846AE-EE73-4588-B3E4-649DB47A6B4F}"
EndProject
Project("{FAE04EC0-301F-11D3-BF4B-00C04F79EFBC}") = "00_GetArgument", "00_GetArgument\00_GetArgument.csproj", "{F6FBACA5-344F-4A16-A086-67D8918B85D2}"
EndProject
Project("{FAE04EC0-301F-11D3-BF4B-00C04F79EFBC}") = "03_Practical_work", "03_Practical_work\03_Practical_work.csproj", "{758CD00A-C673-4CCC-9DA2-4F1F27D45704}"
EndProject
Project("{FAE04EC0-301F-11D3-BF4B-00C04F79EFBC}") = "05_Practical_work", "04_Thread\05_Practical_work.csproj", "{23393317-0620-4347-B35F-5728F79075FB}"
EndProject
Project("{FAE04EC0-301F-11D3-BF4B-00C04F79EFBC}") = "04_Tread_exampl_app", "04_Tread_exampl_app\04_Tread_exampl_app.csproj", "{87010708-9A4B-48DE-90B6-E3F1DE6427CA}"
EndProject
Project("{FAE04EC0-301F-11D3-BF4B-00C04F79EFBC}") = "06_Practical_work", "06_Practical_word\06_Practical_work.csproj", "{C8CD79F3-A031-45CD-943D-F8EF32FFC413}"
EndProject
Project("{FAE04EC0-301F-11D3-BF4B-00C04F79EFBC}") = "02_Homework", "02_Homework\02_Homework.csproj", "{CFD2DBFA-A1D6-4A04-B0FB-20395EBB694B}"
EndProject
Project("{FAE04EC0-301F-11D3-BF4B-00C04F79EFBC}") = "07_Practical_work", "07_Task\07_Practical_work.csproj", "{0EDC89E3-2021-4641-ACB3-6D0312CF3DCB}"
EndProject
Project("{FAE04EC0-301F-11D3-BF4B-00C04F79EFBC}") = "03_Homework", "03_Homework\03_Homework.csproj", "{A4702F7D-CEAA-4D87-819D-904511CA0DE8}"
EndProject
Project("{FAE04EC0-301F-11D3-BF4B-00C04F79EFBC}") = "04_Homework", "04_Homework\04_Homework.csproj", "{AF01EDE9-0E0E-4B6D-A812-A91258280F96}"
EndProject
Project("{FAE04EC0-301F-11D3-BF4B-00C04F79EFBC}") = "08_Generate_Asunsc_await", "08_Generate_Asunsc_await\08_Generate_Asunsc_await.csproj", "{EDC0AC48-521D-412C-862B-EA28B3C57533}"
EndProject
Project("{FAE04EC0-301F-11D3-BF4B-00C04F79EFBC}") = "09_Practical_work", "09_Practical_work\09_Practical_work.csproj", "{011BCD96-22BC-4F58-963E-EF2B7EC1A2C0}"
EndProject
Project("{FAE04EC0-301F-11D3-BF4B-00C04F79EFBC}") = "10_FileCopy_app", "10_FileCopy_app\10_FileCopy_app.csproj", "{CB1A4D13-6CB7-4FF0-9400-7D87DBFDED70}"
EndProject
Project("{FAE04EC0-301F-11D3-BF4B-00C04F79EFBC}") = "06_Homework", "06_Homework\06_Homework.csproj", "{92F14E22-7C3B-4FC4-8CB4-9902980A38D6}"
EndProject
Project("{FAE04EC0-301F-11D3-BF4B-00C04F79EFBC}") = "Db_Library", "Db_Library\Db_Library.csproj", "{734389E2-C406-4D99-BE4A-1631B4493C7F}"
EndProject
Project("{FAE04EC0-301F-11D3-BF4B-00C04F79EFBC}") = "05_Homework", "05_Homework\05_Homework.csproj", "{D725991C-FFD9-40C3-902D-237E558DE23C}"
EndProject
Project("{FAE04EC0-301F-11D3-BF4B-00C04F79EFBC}") = "11_Practical_work", "10_Practical_work\11_Practical_work.csproj", "{96141A80-C0CC-4BD9-9BC0-727DAC23E04B}"
EndProject
Project("{FAE04EC0-301F-11D3-BF4B-00C04F79EFBC}") = "08_Homework", "08_Homework\08_Homework.csproj", "{F1DDB0E3-C238-456C-927F-2E616CEB2EBA}"
EndProject
Global
	GlobalSection(SolutionConfigurationPlatforms) = preSolution
		Debug|Any CPU = Debug|Any CPU
		Release|Any CPU = Release|Any CPU
	EndGlobalSection
	GlobalSection(ProjectConfigurationPlatforms) = postSolution
		{D3DC3619-99BA-4668-84DF-DB88669A4A74}.Debug|Any CPU.ActiveCfg = Debug|Any CPU
		{D3DC3619-99BA-4668-84DF-DB88669A4A74}.Debug|Any CPU.Build.0 = Debug|Any CPU
		{D3DC3619-99BA-4668-84DF-DB88669A4A74}.Release|Any CPU.ActiveCfg = Release|Any CPU
		{D3DC3619-99BA-4668-84DF-DB88669A4A74}.Release|Any CPU.Build.0 = Release|Any CPU
		{E98846AE-EE73-4588-B3E4-649DB47A6B4F}.Debug|Any CPU.ActiveCfg = Debug|Any CPU
		{E98846AE-EE73-4588-B3E4-649DB47A6B4F}.Debug|Any CPU.Build.0 = Debug|Any CPU
		{E98846AE-EE73-4588-B3E4-649DB47A6B4F}.Release|Any CPU.ActiveCfg = Release|Any CPU
		{E98846AE-EE73-4588-B3E4-649DB47A6B4F}.Release|Any CPU.Build.0 = Release|Any CPU
		{F6FBACA5-344F-4A16-A086-67D8918B85D2}.Debug|Any CPU.ActiveCfg = Debug|Any CPU
		{F6FBACA5-344F-4A16-A086-67D8918B85D2}.Debug|Any CPU.Build.0 = Debug|Any CPU
		{F6FBACA5-344F-4A16-A086-67D8918B85D2}.Release|Any CPU.ActiveCfg = Release|Any CPU
		{F6FBACA5-344F-4A16-A086-67D8918B85D2}.Release|Any CPU.Build.0 = Release|Any CPU
		{758CD00A-C673-4CCC-9DA2-4F1F27D45704}.Debug|Any CPU.ActiveCfg = Debug|Any CPU
		{758CD00A-C673-4CCC-9DA2-4F1F27D45704}.Debug|Any CPU.Build.0 = Debug|Any CPU
		{758CD00A-C673-4CCC-9DA2-4F1F27D45704}.Release|Any CPU.ActiveCfg = Release|Any CPU
		{758CD00A-C673-4CCC-9DA2-4F1F27D45704}.Release|Any CPU.Build.0 = Release|Any CPU
		{23393317-0620-4347-B35F-5728F79075FB}.Debug|Any CPU.ActiveCfg = Debug|Any CPU
		{23393317-0620-4347-B35F-5728F79075FB}.Debug|Any CPU.Build.0 = Debug|Any CPU
		{23393317-0620-4347-B35F-5728F79075FB}.Release|Any CPU.ActiveCfg = Release|Any CPU
		{23393317-0620-4347-B35F-5728F79075FB}.Release|Any CPU.Build.0 = Release|Any CPU
		{87010708-9A4B-48DE-90B6-E3F1DE6427CA}.Debug|Any CPU.ActiveCfg = Debug|Any CPU
		{87010708-9A4B-48DE-90B6-E3F1DE6427CA}.Debug|Any CPU.Build.0 = Debug|Any CPU
		{87010708-9A4B-48DE-90B6-E3F1DE6427CA}.Release|Any CPU.ActiveCfg = Release|Any CPU
		{87010708-9A4B-48DE-90B6-E3F1DE6427CA}.Release|Any CPU.Build.0 = Release|Any CPU
		{C8CD79F3-A031-45CD-943D-F8EF32FFC413}.Debug|Any CPU.ActiveCfg = Debug|Any CPU
		{C8CD79F3-A031-45CD-943D-F8EF32FFC413}.Debug|Any CPU.Build.0 = Debug|Any CPU
		{C8CD79F3-A031-45CD-943D-F8EF32FFC413}.Release|Any CPU.ActiveCfg = Release|Any CPU
		{C8CD79F3-A031-45CD-943D-F8EF32FFC413}.Release|Any CPU.Build.0 = Release|Any CPU
		{CFD2DBFA-A1D6-4A04-B0FB-20395EBB694B}.Debug|Any CPU.ActiveCfg = Debug|Any CPU
		{CFD2DBFA-A1D6-4A04-B0FB-20395EBB694B}.Debug|Any CPU.Build.0 = Debug|Any CPU
		{CFD2DBFA-A1D6-4A04-B0FB-20395EBB694B}.Release|Any CPU.ActiveCfg = Release|Any CPU
		{CFD2DBFA-A1D6-4A04-B0FB-20395EBB694B}.Release|Any CPU.Build.0 = Release|Any CPU
		{0EDC89E3-2021-4641-ACB3-6D0312CF3DCB}.Debug|Any CPU.ActiveCfg = Debug|Any CPU
		{0EDC89E3-2021-4641-ACB3-6D0312CF3DCB}.Debug|Any CPU.Build.0 = Debug|Any CPU
		{0EDC89E3-2021-4641-ACB3-6D0312CF3DCB}.Release|Any CPU.ActiveCfg = Release|Any CPU
		{0EDC89E3-2021-4641-ACB3-6D0312CF3DCB}.Release|Any CPU.Build.0 = Release|Any CPU
		{A4702F7D-CEAA-4D87-819D-904511CA0DE8}.Debug|Any CPU.ActiveCfg = Debug|Any CPU
		{A4702F7D-CEAA-4D87-819D-904511CA0DE8}.Debug|Any CPU.Build.0 = Debug|Any CPU
		{A4702F7D-CEAA-4D87-819D-904511CA0DE8}.Release|Any CPU.ActiveCfg = Release|Any CPU
		{A4702F7D-CEAA-4D87-819D-904511CA0DE8}.Release|Any CPU.Build.0 = Release|Any CPU
		{AF01EDE9-0E0E-4B6D-A812-A91258280F96}.Debug|Any CPU.ActiveCfg = Debug|Any CPU
		{AF01EDE9-0E0E-4B6D-A812-A91258280F96}.Debug|Any CPU.Build.0 = Debug|Any CPU
		{AF01EDE9-0E0E-4B6D-A812-A91258280F96}.Release|Any CPU.ActiveCfg = Release|Any CPU
		{AF01EDE9-0E0E-4B6D-A812-A91258280F96}.Release|Any CPU.Build.0 = Release|Any CPU
		{EDC0AC48-521D-412C-862B-EA28B3C57533}.Debug|Any CPU.ActiveCfg = Debug|Any CPU
		{EDC0AC48-521D-412C-862B-EA28B3C57533}.Debug|Any CPU.Build.0 = Debug|Any CPU
		{EDC0AC48-521D-412C-862B-EA28B3C57533}.Release|Any CPU.ActiveCfg = Release|Any CPU
		{EDC0AC48-521D-412C-862B-EA28B3C57533}.Release|Any CPU.Build.0 = Release|Any CPU
		{011BCD96-22BC-4F58-963E-EF2B7EC1A2C0}.Debug|Any CPU.ActiveCfg = Debug|Any CPU
		{011BCD96-22BC-4F58-963E-EF2B7EC1A2C0}.Debug|Any CPU.Build.0 = Debug|Any CPU
		{011BCD96-22BC-4F58-963E-EF2B7EC1A2C0}.Release|Any CPU.ActiveCfg = Release|Any CPU
		{011BCD96-22BC-4F58-963E-EF2B7EC1A2C0}.Release|Any CPU.Build.0 = Release|Any CPU
		{CB1A4D13-6CB7-4FF0-9400-7D87DBFDED70}.Debug|Any CPU.ActiveCfg = Debug|Any CPU
		{CB1A4D13-6CB7-4FF0-9400-7D87DBFDED70}.Debug|Any CPU.Build.0 = Debug|Any CPU
		{CB1A4D13-6CB7-4FF0-9400-7D87DBFDED70}.Release|Any CPU.ActiveCfg = Release|Any CPU
		{CB1A4D13-6CB7-4FF0-9400-7D87DBFDED70}.Release|Any CPU.Build.0 = Release|Any CPU
		{92F14E22-7C3B-4FC4-8CB4-9902980A38D6}.Debug|Any CPU.ActiveCfg = Debug|Any CPU
		{92F14E22-7C3B-4FC4-8CB4-9902980A38D6}.Debug|Any CPU.Build.0 = Debug|Any CPU
		{92F14E22-7C3B-4FC4-8CB4-9902980A38D6}.Release|Any CPU.ActiveCfg = Release|Any CPU
		{92F14E22-7C3B-4FC4-8CB4-9902980A38D6}.Release|Any CPU.Build.0 = Release|Any CPU
		{734389E2-C406-4D99-BE4A-1631B4493C7F}.Debug|Any CPU.ActiveCfg = Debug|Any CPU
		{734389E2-C406-4D99-BE4A-1631B4493C7F}.Debug|Any CPU.Build.0 = Debug|Any CPU
		{734389E2-C406-4D99-BE4A-1631B4493C7F}.Release|Any CPU.ActiveCfg = Release|Any CPU
		{734389E2-C406-4D99-BE4A-1631B4493C7F}.Release|Any CPU.Build.0 = Release|Any CPU
		{D725991C-FFD9-40C3-902D-237E558DE23C}.Debug|Any CPU.ActiveCfg = Debug|Any CPU
		{D725991C-FFD9-40C3-902D-237E558DE23C}.Debug|Any CPU.Build.0 = Debug|Any CPU
		{D725991C-FFD9-40C3-902D-237E558DE23C}.Release|Any CPU.ActiveCfg = Release|Any CPU
		{D725991C-FFD9-40C3-902D-237E558DE23C}.Release|Any CPU.Build.0 = Release|Any CPU
		{96141A80-C0CC-4BD9-9BC0-727DAC23E04B}.Debug|Any CPU.ActiveCfg = Debug|Any CPU
		{96141A80-C0CC-4BD9-9BC0-727DAC23E04B}.Debug|Any CPU.Build.0 = Debug|Any CPU
		{96141A80-C0CC-4BD9-9BC0-727DAC23E04B}.Release|Any CPU.ActiveCfg = Release|Any CPU
		{96141A80-C0CC-4BD9-9BC0-727DAC23E04B}.Release|Any CPU.Build.0 = Release|Any CPU
		{F1DDB0E3-C238-456C-927F-2E616CEB2EBA}.Debug|Any CPU.ActiveCfg = Debug|Any CPU
		{F1DDB0E3-C238-456C-927F-2E616CEB2EBA}.Debug|Any CPU.Build.0 = Debug|Any CPU
		{F1DDB0E3-C238-456C-927F-2E616CEB2EBA}.Release|Any CPU.ActiveCfg = Release|Any CPU
		{F1DDB0E3-C238-456C-927F-2E616CEB2EBA}.Release|Any CPU.Build.0 = Release|Any CPU
	EndGlobalSection
	GlobalSection(SolutionProperties) = preSolution
		HideSolutionNode = FALSE
	EndGlobalSection
	GlobalSection(ExtensibilityGlobals) = postSolution
		SolutionGuid = {4FAD659D-A368-4C43-9A55-0A50E28BC1F0}
	EndGlobalSection
EndGlobal
